
Microsoft Visual Studio Solution File, Format Version 12.00
# Visual Studio Version 17
VisualStudioVersion = 17.6.33815.320
MinimumVisualStudioVersion = 10.0.40219.1
Project("{2150E333-8FDC-42A3-9474-1A3956D46DE8}") = "Foundation", "Foundation", "{24977076-2479-42CD-981E-65B64AD07C57}"
EndProject
Project("{2150E333-8FDC-42A3-9474-1A3956D46DE8}") = "ContentHubExtensions", "ContentHubExtensions", "{AAD1D929-C986-416F-8CD8-578DFDA0E5AB}"
EndProject
Project("{FAE04EC0-301F-11D3-BF4B-00C04F79EFBC}") = "Foundation.ContentHubExtensions", "src\Foundation\ContentHubExtensions\code\Foundation.ContentHubExtensions.csproj", "{49B9E996-C6B5-4C9B-A1DF-A01D7ED48DE4}"
EndProject
Global
	GlobalSection(SolutionConfigurationPlatforms) = preSolution
		Debug|Any CPU = Debug|Any CPU
		Release|Any CPU = Release|Any CPU
	EndGlobalSection
	GlobalSection(ProjectConfigurationPlatforms) = postSolution
		{49B9E996-C6B5-4C9B-A1DF-A01D7ED48DE4}.Debug|Any CPU.ActiveCfg = Debug|Any CPU
		{49B9E996-C6B5-4C9B-A1DF-A01D7ED48DE4}.Debug|Any CPU.Build.0 = Debug|Any CPU
		{49B9E996-C6B5-4C9B-A1DF-A01D7ED48DE4}.Release|Any CPU.ActiveCfg = Release|Any CPU
		{49B9E996-C6B5-4C9B-A1DF-A01D7ED48DE4}.Release|Any CPU.Build.0 = Release|Any CPU
	EndGlobalSection
	GlobalSection(SolutionProperties) = preSolution
		HideSolutionNode = FALSE
	EndGlobalSection
	GlobalSection(NestedProjects) = preSolution
		{AAD1D929-C986-416F-8CD8-578DFDA0E5AB} = {24977076-2479-42CD-981E-65B64AD07C57}
		{49B9E996-C6B5-4C9B-A1DF-A01D7ED48DE4} = {AAD1D929-C986-416F-8CD8-578DFDA0E5AB}
	EndGlobalSection
	GlobalSection(ExtensibilityGlobals) = postSolution
		SolutionGuid = {B7A36BE1-B273-450E-86D4-DAD57F284776}
	EndGlobalSection
EndGlobal
